
Microsoft Visual Studio Solution File, Format Version 12.00
# Visual Studio Version 16
VisualStudioVersion = 16.0.31112.23
MinimumVisualStudioVersion = 10.0.40219.1
Project("{FAE04EC0-301F-11D3-BF4B-00C04F79EFBC}") = "Assembly-CSharp", "MygaClient\Assembly-CSharp.csproj", "{7C823639-82CD-9695-C272-A2D48B1E3172}"
EndProject
Project("{9A19103F-16F7-4668-BE54-9A1E7A4F7556}") = "MygaServer", "MygaServer\MygaServer.csproj", "{79B9B8FA-BF4B-41C1-B00F-018814C3FF35}"
EndProject
Project("{FAE04EC0-301F-11D3-BF4B-00C04F79EFBC}") = "MygaCross", "MygaCross\MygaCross.csproj", "{89F3824C-7D05-4650-9B5B-D9F5A7284EB0}"
EndProject
Global
	GlobalSection(SolutionConfigurationPlatforms) = preSolution
		Debug|Any CPU = Debug|Any CPU
		Release|Any CPU = Release|Any CPU
	EndGlobalSection
	GlobalSection(ProjectConfigurationPlatforms) = postSolution
		{7C823639-82CD-9695-C272-A2D48B1E3172}.Debug|Any CPU.ActiveCfg = Debug|Any CPU
		{7C823639-82CD-9695-C272-A2D48B1E3172}.Debug|Any CPU.Build.0 = Debug|Any CPU
		{7C823639-82CD-9695-C272-A2D48B1E3172}.Release|Any CPU.ActiveCfg = Release|Any CPU
		{7C823639-82CD-9695-C272-A2D48B1E3172}.Release|Any CPU.Build.0 = Release|Any CPU
		{79B9B8FA-BF4B-41C1-B00F-018814C3FF35}.Debug|Any CPU.ActiveCfg = Debug|Any CPU
		{79B9B8FA-BF4B-41C1-B00F-018814C3FF35}.Debug|Any CPU.Build.0 = Debug|Any CPU
		{79B9B8FA-BF4B-41C1-B00F-018814C3FF35}.Release|Any CPU.ActiveCfg = Release|Any CPU
		{79B9B8FA-BF4B-41C1-B00F-018814C3FF35}.Release|Any CPU.Build.0 = Release|Any CPU
		{89F3824C-7D05-4650-9B5B-D9F5A7284EB0}.Debug|Any CPU.ActiveCfg = Debug|Any CPU
		{89F3824C-7D05-4650-9B5B-D9F5A7284EB0}.Debug|Any CPU.Build.0 = Debug|Any CPU
		{89F3824C-7D05-4650-9B5B-D9F5A7284EB0}.Release|Any CPU.ActiveCfg = Release|Any CPU
		{89F3824C-7D05-4650-9B5B-D9F5A7284EB0}.Release|Any CPU.Build.0 = Release|Any CPU
	EndGlobalSection
	GlobalSection(SolutionProperties) = preSolution
		HideSolutionNode = FALSE
	EndGlobalSection
	GlobalSection(ExtensibilityGlobals) = postSolution
		SolutionGuid = {8A2877EC-8131-4140-8DBE-0BE4DFA8D9EF}
	EndGlobalSection
EndGlobal
