
Microsoft Visual Studio Solution File, Format Version 12.00
# Visual Studio Version 16
VisualStudioVersion = 16.0.31112.23
MinimumVisualStudioVersion = 10.0.40219.1
Project("{9A19103F-16F7-4668-BE54-9A1E7A4F7556}") = "MygaServer", "MygaServer.csproj", "{03B0004C-10BB-4224-9DCE-D3DD4EE4D536}"
EndProject
Global
	GlobalSection(SolutionConfigurationPlatforms) = preSolution
		Debug|Any CPU = Debug|Any CPU
		Release|Any CPU = Release|Any CPU
	EndGlobalSection
	GlobalSection(ProjectConfigurationPlatforms) = postSolution
		{03B0004C-10BB-4224-9DCE-D3DD4EE4D536}.Debug|Any CPU.ActiveCfg = Debug|Any CPU
		{03B0004C-10BB-4224-9DCE-D3DD4EE4D536}.Debug|Any CPU.Build.0 = Debug|Any CPU
		{03B0004C-10BB-4224-9DCE-D3DD4EE4D536}.Release|Any CPU.ActiveCfg = Release|Any CPU
		{03B0004C-10BB-4224-9DCE-D3DD4EE4D536}.Release|Any CPU.Build.0 = Release|Any CPU
	EndGlobalSection
	GlobalSection(SolutionProperties) = preSolution
		HideSolutionNode = FALSE
	EndGlobalSection
	GlobalSection(ExtensibilityGlobals) = postSolution
		SolutionGuid = {8A2877EC-8131-4140-8DBE-0BE4DFA8D9EF}
	EndGlobalSection
EndGlobal
