
Microsoft Visual Studio Solution File, Format Version 12.00
# Visual Studio 15
Project("{FAE04EC0-301F-11D3-BF4B-00C04F79EFBC}") = "Assembly-CSharp", "Assembly-CSharp.csproj", "{7C823639-82CD-9695-C272-A2D48B1E3172}"
EndProject
Project("{FAE04EC0-301F-11D3-BF4B-00C04F79EFBC}") = "MessagePack", "MessagePack.csproj", "{7C6A6788-F4A1-8D58-3930-F9D9886A30E0}"
EndProject
Project("{FAE04EC0-301F-11D3-BF4B-00C04F79EFBC}") = "MessagePack.Annotations", "MessagePack.Annotations.csproj", "{BF1B18B6-9FD5-7927-8015-9A5F25A6210D}"
EndProject
Global
	GlobalSection(SolutionConfigurationPlatforms) = preSolution
		Debug|Any CPU = Debug|Any CPU
		Release|Any CPU = Release|Any CPU
	EndGlobalSection
	GlobalSection(ProjectConfigurationPlatforms) = postSolution
		{7C823639-82CD-9695-C272-A2D48B1E3172}.Debug|Any CPU.ActiveCfg = Debug|Any CPU
		{7C823639-82CD-9695-C272-A2D48B1E3172}.Debug|Any CPU.Build.0 = Debug|Any CPU
		{7C823639-82CD-9695-C272-A2D48B1E3172}.Release|Any CPU.ActiveCfg = Release|Any CPU
		{7C823639-82CD-9695-C272-A2D48B1E3172}.Release|Any CPU.Build.0 = Release|Any CPU
		{7C6A6788-F4A1-8D58-3930-F9D9886A30E0}.Debug|Any CPU.ActiveCfg = Debug|Any CPU
		{7C6A6788-F4A1-8D58-3930-F9D9886A30E0}.Debug|Any CPU.Build.0 = Debug|Any CPU
		{7C6A6788-F4A1-8D58-3930-F9D9886A30E0}.Release|Any CPU.ActiveCfg = Release|Any CPU
		{7C6A6788-F4A1-8D58-3930-F9D9886A30E0}.Release|Any CPU.Build.0 = Release|Any CPU
		{BF1B18B6-9FD5-7927-8015-9A5F25A6210D}.Debug|Any CPU.ActiveCfg = Debug|Any CPU
		{BF1B18B6-9FD5-7927-8015-9A5F25A6210D}.Debug|Any CPU.Build.0 = Debug|Any CPU
		{BF1B18B6-9FD5-7927-8015-9A5F25A6210D}.Release|Any CPU.ActiveCfg = Release|Any CPU
		{BF1B18B6-9FD5-7927-8015-9A5F25A6210D}.Release|Any CPU.Build.0 = Release|Any CPU
	EndGlobalSection
	GlobalSection(SolutionProperties) = preSolution
		HideSolutionNode = FALSE
	EndGlobalSection
EndGlobal
